
Microsoft Visual Studio Solution File, Format Version 12.00
# Visual Studio Version 17
VisualStudioVersion = 17.0.31903.59
MinimumVisualStudioVersion = 10.0.40219.1
Project("{2150E333-8FDC-42A3-9474-1A3956D46DE8}") = "src", "src", "{4A596128-C156-45B5-844D-E4141E11071C}"
EndProject
Project("{FAE04EC0-301F-11D3-BF4B-00C04F79EFBC}") = "Products.Api", "src\Products.Api\Products.Api.csproj", "{99791451-D0B1-466F-9442-9F4245BA830E}"
EndProject
Global
	GlobalSection(SolutionConfigurationPlatforms) = preSolution
		Debug|Any CPU = Debug|Any CPU
		Release|Any CPU = Release|Any CPU
	EndGlobalSection
	GlobalSection(SolutionProperties) = preSolution
		HideSolutionNode = FALSE
	EndGlobalSection
	GlobalSection(ProjectConfigurationPlatforms) = postSolution
		{99791451-D0B1-466F-9442-9F4245BA830E}.Debug|Any CPU.ActiveCfg = Debug|Any CPU
		{99791451-D0B1-466F-9442-9F4245BA830E}.Debug|Any CPU.Build.0 = Debug|Any CPU
		{99791451-D0B1-466F-9442-9F4245BA830E}.Release|Any CPU.ActiveCfg = Release|Any CPU
		{99791451-D0B1-466F-9442-9F4245BA830E}.Release|Any CPU.Build.0 = Release|Any CPU
	EndGlobalSection
	GlobalSection(NestedProjects) = preSolution
		{99791451-D0B1-466F-9442-9F4245BA830E} = {4A596128-C156-45B5-844D-E4141E11071C}
	EndGlobalSection
EndGlobal
